
Microsoft Visual Studio Solution File, Format Version 12.00
# Visual Studio Version 17
VisualStudioVersion = 17.14.37314.3
MinimumVisualStudioVersion = 10.0.40219.1
Project("{FAE04EC0-301F-11D3-BF4B-00C04F79EFBC}") = "QualityControlSystem.WPF", "QualityControlSystem.WPF\QualityControlSystem.WPF.csproj", "{20445F16-A036-463C-8D5E-8ED158E7CC4F}"
EndProject
Project("{FAE04EC0-301F-11D3-BF4B-00C04F79EFBC}") = "QualityControlSystem.Infrastructure", "QualityControlSystem.Infrastructure\QualityControlSystem.Infrastructure.csproj", "{659F6FF8-8AFF-47D2-882A-D6A858EE55A8}"
EndProject
Global
	GlobalSection(SolutionConfigurationPlatforms) = preSolution
		Debug|Any CPU = Debug|Any CPU
		Release|Any CPU = Release|Any CPU
	EndGlobalSection
	GlobalSection(ProjectConfigurationPlatforms) = postSolution
		{20445F16-A036-463C-8D5E-8ED158E7CC4F}.Debug|Any CPU.ActiveCfg = Debug|Any CPU
		{20445F16-A036-463C-8D5E-8ED158E7CC4F}.Debug|Any CPU.Build.0 = Debug|Any CPU
		{20445F16-A036-463C-8D5E-8ED158E7CC4F}.Release|Any CPU.ActiveCfg = Release|Any CPU
		{20445F16-A036-463C-8D5E-8ED158E7CC4F}.Release|Any CPU.Build.0 = Release|Any CPU
		{659F6FF8-8AFF-47D2-882A-D6A858EE55A8}.Debug|Any CPU.ActiveCfg = Debug|Any CPU
		{659F6FF8-8AFF-47D2-882A-D6A858EE55A8}.Debug|Any CPU.Build.0 = Debug|Any CPU
		{659F6FF8-8AFF-47D2-882A-D6A858EE55A8}.Release|Any CPU.ActiveCfg = Release|Any CPU
		{659F6FF8-8AFF-47D2-882A-D6A858EE55A8}.Release|Any CPU.Build.0 = Release|Any CPU
	EndGlobalSection
	GlobalSection(SolutionProperties) = preSolution
		HideSolutionNode = FALSE
	EndGlobalSection
	GlobalSection(ExtensibilityGlobals) = postSolution
		SolutionGuid = {693B1453-221C-47E0-A8D7-6BC015114877}
	EndGlobalSection
EndGlobal
